// !$*UTF8*$!
{
	archiveVersion = 1;
	classes = {
	};
	objectVersion = 46;
	objects = {

/* Begin PBXBuildFile section */
		3C1E95631642133700211785 /* UTGetInfoProxy.m in Sources */ = {isa = PBXBuildFile; fileRef = 3C1E95621642133700211785 /* UTGetInfoProxy.m */; };
		3C4A577B163F9E3B0068C04F /* UTPostDataFromServer in Resources */ = {isa = PBXBuildFile; fileRef = 3C4A577A163F9E3B0068C04F /* UTPostDataFromServer */; };
		3C4A577E163FA0E20068C04F /* 201209140114image.jpg in Resources */ = {isa = PBXBuildFile; fileRef = 3C4A577C163FA0E20068C04F /* 201209140114image.jpg */; };
		3C4A577F163FA0E20068C04F /* 201209183300image.jpg in Resources */ = {isa = PBXBuildFile; fileRef = 3C4A577D163FA0E20068C04F /* 201209183300image.jpg */; };
		3C4A5781163FA2180068C04F /* UTLoginCache in Resources */ = {isa = PBXBuildFile; fileRef = 3C4A5780163FA2180068C04F /* UTLoginCache */; };
		3CA8A82D163F83FD0084C268 /* smile.jpg in Resources */ = {isa = PBXBuildFile; fileRef = 3CA8A82C163F83FD0084C268 /* smile.jpg */; };
		3CA8A838163F844B0084C268 /* FoodFriends.xcdatamodel in Sources */ = {isa = PBXBuildFile; fileRef = 3CA8A835163F844B0084C268 /* FoodFriends.xcdatamodel */; };
		3CA8A839163F844B0084C268 /* MessageCoreData.m in Sources */ = {isa = PBXBuildFile; fileRef = 3CA8A837163F844B0084C268 /* MessageCoreData.m */; };
		3CA8A85F163F845D0084C268 /* UTCommonFunctions.m in Sources */ = {isa = PBXBuildFile; fileRef = 3CA8A83C163F845D0084C268 /* UTCommonFunctions.m */; };
		3CA8A860163F845D0084C268 /* UTInfoViewController.m in Sources */ = {isa = PBXBuildFile; fileRef = 3CA8A83E163F845D0084C268 /* UTInfoViewController.m */; };
		3CA8A861163F845D0084C268 /* UTMessageViewController.m in Sources */ = {isa = PBXBuildFile; fileRef = 3CA8A840163F845D0084C268 /* UTMessageViewController.m */; };
		3CA8A862163F845D0084C268 /* UTMeViewController.m in Sources */ = {isa = PBXBuildFile; fileRef = 3CA8A842163F845D0084C268 /* UTMeViewController.m */; };
		3CA8A863163F845D0084C268 /* UTPostViewController.m in Sources */ = {isa = PBXBuildFile; fileRef = 3CA8A844163F845D0084C268 /* UTPostViewController.m */; };
		3CA8A864163F845D0084C268 /* UTAppDelegate.m in Sources */ = {isa = PBXBuildFile; fileRef = 3CA8A847163F845D0084C268 /* UTAppDelegate.m */; };
		3CA8A865163F845D0084C268 /* UTClient.m in Sources */ = {isa = PBXBuildFile; fileRef = 3CA8A849163F845D0084C268 /* UTClient.m */; };
		3CA8A866163F845D0084C268 /* UTGetInfoFromFile.m in Sources */ = {isa = PBXBuildFile; fileRef = 3CA8A84B163F845D0084C268 /* UTGetInfoFromFile.m */; };
		3CA8A867163F845D0084C268 /* UTJsonFoodFriends.m in Sources */ = {isa = PBXBuildFile; fileRef = 3CA8A84D163F845D0084C268 /* UTJsonFoodFriends.m */; };
		3CA8A868163F845D0084C268 /* Default-568h@2x.png in Resources */ = {isa = PBXBuildFile; fileRef = 3CA8A84F163F845D0084C268 /* Default-568h@2x.png */; };
		3CA8A869163F845D0084C268 /* Default.png in Resources */ = {isa = PBXBuildFile; fileRef = 3CA8A850163F845D0084C268 /* Default.png */; };
		3CA8A86A163F845D0084C268 /* Default@2x.png in Resources */ = {isa = PBXBuildFile; fileRef = 3CA8A851163F845D0084C268 /* Default@2x.png */; };
		3CA8A86B163F845D0084C268 /* first.png in Resources */ = {isa = PBXBuildFile; fileRef = 3CA8A852163F845D0084C268 /* first.png */; };
		3CA8A86C163F845D0084C268 /* first@2x.png in Resources */ = {isa = PBXBuildFile; fileRef = 3CA8A853163F845D0084C268 /* first@2x.png */; };
		3CA8A86D163F845D0084C268 /* second.png in Resources */ = {isa = PBXBuildFile; fileRef = 3CA8A854163F845D0084C268 /* second.png */; };
		3CA8A86E163F845D0084C268 /* second@2x.png in Resources */ = {isa = PBXBuildFile; fileRef = 3CA8A855163F845D0084C268 /* second@2x.png */; };
		3CA8A86F163F845D0084C268 /* UTMember.m in Sources */ = {isa = PBXBuildFile; fileRef = 3CA8A858163F845D0084C268 /* UTMember.m */; };
		3CA8A870163F845D0084C268 /* UTMessage.m in Sources */ = {isa = PBXBuildFile; fileRef = 3CA8A85A163F845D0084C268 /* UTMessage.m */; };
		3CA8A871163F845D0084C268 /* UTPost.m in Sources */ = {isa = PBXBuildFile; fileRef = 3CA8A85C163F845D0084C268 /* UTPost.m */; };
		3CA8A872163F845D0084C268 /* UTTagGroup.m in Sources */ = {isa = PBXBuildFile; fileRef = 3CA8A85E163F845D0084C268 /* UTTagGroup.m */; };
		3CA8AA2A163D477300D78EC4 /* UIKit.framework in Frameworks */ = {isa = PBXBuildFile; fileRef = 3CA8AA29163D477300D78EC4 /* UIKit.framework */; };
		3CA8AA2C163D477300D78EC4 /* Foundation.framework in Frameworks */ = {isa = PBXBuildFile; fileRef = 3CA8AA2B163D477300D78EC4 /* Foundation.framework */; };
		3CA8AA2E163D477300D78EC4 /* CoreGraphics.framework in Frameworks */ = {isa = PBXBuildFile; fileRef = 3CA8AA2D163D477300D78EC4 /* CoreGraphics.framework */; };
		3CA8AA34163D477300D78EC4 /* InfoPlist.strings in Resources */ = {isa = PBXBuildFile; fileRef = 3CA8AA32163D477300D78EC4 /* InfoPlist.strings */; };
		3CA8AA36163D477300D78EC4 /* main.m in Sources */ = {isa = PBXBuildFile; fileRef = 3CA8AA35163D477300D78EC4 /* main.m */; };
		3CA8AA59163D477400D78EC4 /* SenTestingKit.framework in Frameworks */ = {isa = PBXBuildFile; fileRef = 3CA8AA58163D477400D78EC4 /* SenTestingKit.framework */; };
		3CA8AA5A163D477400D78EC4 /* UIKit.framework in Frameworks */ = {isa = PBXBuildFile; fileRef = 3CA8AA29163D477300D78EC4 /* UIKit.framework */; };
		3CA8AA5B163D477400D78EC4 /* Foundation.framework in Frameworks */ = {isa = PBXBuildFile; fileRef = 3CA8AA2B163D477300D78EC4 /* Foundation.framework */; };
		3CA8AA63163D477400D78EC4 /* InfoPlist.strings in Resources */ = {isa = PBXBuildFile; fileRef = 3CA8AA61163D477400D78EC4 /* InfoPlist.strings */; };
		3CA8AA66163D477400D78EC4 /* FoodFriends_withUTTests.m in Sources */ = {isa = PBXBuildFile; fileRef = 3CA8AA65163D477400D78EC4 /* FoodFriends_withUTTests.m */; };
		3CADA0E2163E48DA00AB9B79 /* README.md in Resources */ = {isa = PBXBuildFile; fileRef = 3CADA0E1163E48DA00AB9B79 /* README.md */; };
		3CADA0EE163E653B00AB9B79 /* MainStoryboard.storyboard in Resources */ = {isa = PBXBuildFile; fileRef = 3CADA0ED163E653B00AB9B79 /* MainStoryboard.storyboard */; };
		3CADA10F163E686000AB9B79 /* CoreData.framework in Frameworks */ = {isa = PBXBuildFile; fileRef = 3CADA10E163E686000AB9B79 /* CoreData.framework */; };
/* End PBXBuildFile section */

/* Begin PBXContainerItemProxy section */
		3CA8AA5C163D477400D78EC4 /* PBXContainerItemProxy */ = {
			isa = PBXContainerItemProxy;
			containerPortal = 3CA8AA1C163D477300D78EC4 /* Project object */;
			proxyType = 1;
			remoteGlobalIDString = 3CA8AA24163D477300D78EC4;
			remoteInfo = FoodFriends_withUT;
		};
/* End PBXContainerItemProxy section */

/* Begin PBXFileReference section */
		3C1E95611642133700211785 /* UTGetInfoProxy.h */ = {isa = PBXFileReference; fileEncoding = 4; lastKnownFileType = sourcecode.c.h; path = UTGetInfoProxy.h; sourceTree = "<group>"; };
		3C1E95621642133700211785 /* UTGetInfoProxy.m */ = {isa = PBXFileReference; fileEncoding = 4; lastKnownFileType = sourcecode.c.objc; path = UTGetInfoProxy.m; sourceTree = "<group>"; };
		3C4193F4164231E700F185FB /* 公共函数开发文档.h */ = {isa = PBXFileReference; lastKnownFileType = sourcecode.c.h; path = "公共函数开发文档.h"; sourceTree = "<group>"; };
		3C4A577A163F9E3B0068C04F /* UTPostDataFromServer */ = {isa = PBXFileReference; fileEncoding = 4; lastKnownFileType = text; name = UTPostDataFromServer; path = Library/tmp/UTPostDataFromServer; sourceTree = SOURCE_ROOT; usesTabs = 0; };
		3C4A577C163FA0E20068C04F /* 201209140114image.jpg */ = {isa = PBXFileReference; lastKnownFileType = image.jpeg; name = 201209140114image.jpg; path = Library/Cache/Resource/image/201209140114image.jpg; sourceTree = SOURCE_ROOT; };
		3C4A577D163FA0E20068C04F /* 201209183300image.jpg */ = {isa = PBXFileReference; lastKnownFileType = image.jpeg; name = 201209183300image.jpg; path = Library/Cache/Resource/image/201209183300image.jpg; sourceTree = SOURCE_ROOT; };
		3C4A5780163FA2180068C04F /* UTLoginCache */ = {isa = PBXFileReference; fileEncoding = 4; lastKnownFileType = text; name = UTLoginCache; path = Library/Cache/UTLoginCache; sourceTree = SOURCE_ROOT; };
		3CA8A823163F7C3B0084C268 /* 201211080154.png */ = {isa = PBXFileReference; lastKnownFileType = image.png; path = 201211080154.png; sourceTree = "<group>"; };
		3CA8A825163F7C4A0084C268 /* 201211080010.wav */ = {isa = PBXFileReference; lastKnownFileType = audio.wav; path = 201211080010.wav; sourceTree = "<group>"; };
		3CA8A82C163F83FD0084C268 /* smile.jpg */ = {isa = PBXFileReference; lastKnownFileType = image.jpeg; path = smile.jpg; sourceTree = "<group>"; };
		3CA8A82F163F84350084C268 /* Info_开发文档.h */ = {isa = PBXFileReference; fileEncoding = 4; lastKnownFileType = sourcecode.c.h; path = "Info_开发文档.h"; sourceTree = "<group>"; };
		3CA8A830163F84350084C268 /* Me_开发文档.h */ = {isa = PBXFileReference; fileEncoding = 4; lastKnownFileType = sourcecode.c.h; path = "Me_开发文档.h"; sourceTree = "<group>"; };
		3CA8A831163F84350084C268 /* Message_开发文档.h */ = {isa = PBXFileReference; fileEncoding = 4; lastKnownFileType = sourcecode.c.h; path = "Message_开发文档.h"; sourceTree = "<group>"; };
		3CA8A832163F84350084C268 /* Post_开发文档.h */ = {isa = PBXFileReference; fileEncoding = 4; lastKnownFileType = sourcecode.c.h; path = "Post_开发文档.h"; sourceTree = "<group>"; };
		3CA8A833163F84350084C268 /* 开发文档.h */ = {isa = PBXFileReference; fileEncoding = 4; lastKnownFileType = sourcecode.c.h; path = "开发文档.h"; sourceTree = "<group>"; };
		3CA8A835163F844B0084C268 /* FoodFriends.xcdatamodel */ = {isa = PBXFileReference; lastKnownFileType = wrapper.xcdatamodel; path = FoodFriends.xcdatamodel; sourceTree = "<group>"; };
		3CA8A836163F844B0084C268 /* MessageCoreData.h */ = {isa = PBXFileReference; fileEncoding = 4; lastKnownFileType = sourcecode.c.h; path = MessageCoreData.h; sourceTree = "<group>"; };
		3CA8A837163F844B0084C268 /* MessageCoreData.m */ = {isa = PBXFileReference; fileEncoding = 4; lastKnownFileType = sourcecode.c.objc; path = MessageCoreData.m; sourceTree = "<group>"; };
		3CA8A83B163F845D0084C268 /* UTCommonFunctions.h */ = {isa = PBXFileReference; fileEncoding = 4; lastKnownFileType = sourcecode.c.h; path = UTCommonFunctions.h; sourceTree = "<group>"; };
		3CA8A83C163F845D0084C268 /* UTCommonFunctions.m */ = {isa = PBXFileReference; fileEncoding = 4; lastKnownFileType = sourcecode.c.objc; path = UTCommonFunctions.m; sourceTree = "<group>"; };
		3CA8A83D163F845D0084C268 /* UTInfoViewController.h */ = {isa = PBXFileReference; fileEncoding = 4; lastKnownFileType = sourcecode.c.h; path = UTInfoViewController.h; sourceTree = "<group>"; };
		3CA8A83E163F845D0084C268 /* UTInfoViewController.m */ = {isa = PBXFileReference; fileEncoding = 4; lastKnownFileType = sourcecode.c.objc; path = UTInfoViewController.m; sourceTree = "<group>"; };
		3CA8A83F163F845D0084C268 /* UTMessageViewController.h */ = {isa = PBXFileReference; fileEncoding = 4; lastKnownFileType = sourcecode.c.h; path = UTMessageViewController.h; sourceTree = "<group>"; };
		3CA8A840163F845D0084C268 /* UTMessageViewController.m */ = {isa = PBXFileReference; fileEncoding = 4; lastKnownFileType = sourcecode.c.objc; path = UTMessageViewController.m; sourceTree = "<group>"; };
		3CA8A841163F845D0084C268 /* UTMeViewController.h */ = {isa = PBXFileReference; fileEncoding = 4; lastKnownFileType = sourcecode.c.h; path = UTMeViewController.h; sourceTree = "<group>"; };
		3CA8A842163F845D0084C268 /* UTMeViewController.m */ = {isa = PBXFileReference; fileEncoding = 4; lastKnownFileType = sourcecode.c.objc; path = UTMeViewController.m; sourceTree = "<group>"; };
		3CA8A843163F845D0084C268 /* UTPostViewController.h */ = {isa = PBXFileReference; fileEncoding = 4; lastKnownFileType = sourcecode.c.h; path = UTPostViewController.h; sourceTree = "<group>"; };
		3CA8A844163F845D0084C268 /* UTPostViewController.m */ = {isa = PBXFileReference; fileEncoding = 4; lastKnownFileType = sourcecode.c.objc; path = UTPostViewController.m; sourceTree = "<group>"; };
		3CA8A846163F845D0084C268 /* UTAppDelegate.h */ = {isa = PBXFileReference; fileEncoding = 4; lastKnownFileType = sourcecode.c.h; path = UTAppDelegate.h; sourceTree = "<group>"; };
		3CA8A847163F845D0084C268 /* UTAppDelegate.m */ = {isa = PBXFileReference; fileEncoding = 4; lastKnownFileType = sourcecode.c.objc; path = UTAppDelegate.m; sourceTree = "<group>"; };
		3CA8A848163F845D0084C268 /* UTClient.h */ = {isa = PBXFileReference; fileEncoding = 4; lastKnownFileType = sourcecode.c.h; path = UTClient.h; sourceTree = "<group>"; };
		3CA8A849163F845D0084C268 /* UTClient.m */ = {isa = PBXFileReference; fileEncoding = 4; lastKnownFileType = sourcecode.c.objc; path = UTClient.m; sourceTree = "<group>"; };
		3CA8A84A163F845D0084C268 /* UTGetInfoFromFile.h */ = {isa = PBXFileReference; fileEncoding = 4; lastKnownFileType = sourcecode.c.h; path = UTGetInfoFromFile.h; sourceTree = "<group>"; };
		3CA8A84B163F845D0084C268 /* UTGetInfoFromFile.m */ = {isa = PBXFileReference; fileEncoding = 4; lastKnownFileType = sourcecode.c.objc; path = UTGetInfoFromFile.m; sourceTree = "<group>"; };
		3CA8A84C163F845D0084C268 /* UTJsonFoodFriends.h */ = {isa = PBXFileReference; fileEncoding = 4; lastKnownFileType = sourcecode.c.h; path = UTJsonFoodFriends.h; sourceTree = "<group>"; };
		3CA8A84D163F845D0084C268 /* UTJsonFoodFriends.m */ = {isa = PBXFileReference; fileEncoding = 4; lastKnownFileType = sourcecode.c.objc; path = UTJsonFoodFriends.m; sourceTree = "<group>"; };
		3CA8A84F163F845D0084C268 /* Default-568h@2x.png */ = {isa = PBXFileReference; lastKnownFileType = image.png; path = "Default-568h@2x.png"; sourceTree = "<group>"; };
		3CA8A850163F845D0084C268 /* Default.png */ = {isa = PBXFileReference; lastKnownFileType = image.png; path = Default.png; sourceTree = "<group>"; };
		3CA8A851163F845D0084C268 /* Default@2x.png */ = {isa = PBXFileReference; lastKnownFileType = image.png; path = "Default@2x.png"; sourceTree = "<group>"; };
		3CA8A852163F845D0084C268 /* first.png */ = {isa = PBXFileReference; lastKnownFileType = image.png; path = first.png; sourceTree = "<group>"; };
		3CA8A853163F845D0084C268 /* first@2x.png */ = {isa = PBXFileReference; lastKnownFileType = image.png; path = "first@2x.png"; sourceTree = "<group>"; };
		3CA8A854163F845D0084C268 /* second.png */ = {isa = PBXFileReference; lastKnownFileType = image.png; path = second.png; sourceTree = "<group>"; };
		3CA8A855163F845D0084C268 /* second@2x.png */ = {isa = PBXFileReference; lastKnownFileType = image.png; path = "second@2x.png"; sourceTree = "<group>"; };
		3CA8A857163F845D0084C268 /* UTMember.h */ = {isa = PBXFileReference; fileEncoding = 4; lastKnownFileType = sourcecode.c.h; path = UTMember.h; sourceTree = "<group>"; };
		3CA8A858163F845D0084C268 /* UTMember.m */ = {isa = PBXFileReference; fileEncoding = 4; lastKnownFileType = sourcecode.c.objc; path = UTMember.m; sourceTree = "<group>"; };
		3CA8A859163F845D0084C268 /* UTMessage.h */ = {isa = PBXFileReference; fileEncoding = 4; lastKnownFileType = sourcecode.c.h; path = UTMessage.h; sourceTree = "<group>"; };
		3CA8A85A163F845D0084C268 /* UTMessage.m */ = {isa = PBXFileReference; fileEncoding = 4; lastKnownFileType = sourcecode.c.objc; path = UTMessage.m; sourceTree = "<group>"; };
		3CA8A85B163F845D0084C268 /* UTPost.h */ = {isa = PBXFileReference; fileEncoding = 4; lastKnownFileType = sourcecode.c.h; path = UTPost.h; sourceTree = "<group>"; };
		3CA8A85C163F845D0084C268 /* UTPost.m */ = {isa = PBXFileReference; fileEncoding = 4; lastKnownFileType = sourcecode.c.objc; path = UTPost.m; sourceTree = "<group>"; };
		3CA8A85D163F845D0084C268 /* UTTagGroup.h */ = {isa = PBXFileReference; fileEncoding = 4; lastKnownFileType = sourcecode.c.h; path = UTTagGroup.h; sourceTree = "<group>"; };
		3CA8A85E163F845D0084C268 /* UTTagGroup.m */ = {isa = PBXFileReference; fileEncoding = 4; lastKnownFileType = sourcecode.c.objc; path = UTTagGroup.m; sourceTree = "<group>"; };
		3CA8AA25163D477300D78EC4 /* FoodFriends_withUT.app */ = {isa = PBXFileReference; explicitFileType = wrapper.application; includeInIndex = 0; path = FoodFriends_withUT.app; sourceTree = BUILT_PRODUCTS_DIR; };
		3CA8AA29163D477300D78EC4 /* UIKit.framework */ = {isa = PBXFileReference; lastKnownFileType = wrapper.framework; name = UIKit.framework; path = System/Library/Frameworks/UIKit.framework; sourceTree = SDKROOT; };
		3CA8AA2B163D477300D78EC4 /* Foundation.framework */ = {isa = PBXFileReference; lastKnownFileType = wrapper.framework; name = Foundation.framework; path = System/Library/Frameworks/Foundation.framework; sourceTree = SDKROOT; };
		3CA8AA2D163D477300D78EC4 /* CoreGraphics.framework */ = {isa = PBXFileReference; lastKnownFileType = wrapper.framework; name = CoreGraphics.framework; path = System/Library/Frameworks/CoreGraphics.framework; sourceTree = SDKROOT; };
		3CA8AA31163D477300D78EC4 /* FoodFriends_withUT-Info.plist */ = {isa = PBXFileReference; lastKnownFileType = text.plist.xml; path = "FoodFriends_withUT-Info.plist"; sourceTree = "<group>"; };
		3CA8AA33163D477300D78EC4 /* en */ = {isa = PBXFileReference; lastKnownFileType = text.plist.strings; name = en; path = en.lproj/InfoPlist.strings; sourceTree = "<group>"; };
		3CA8AA35163D477300D78EC4 /* main.m */ = {isa = PBXFileReference; lastKnownFileType = sourcecode.c.objc; path = main.m; sourceTree = "<group>"; };
		3CA8AA37163D477300D78EC4 /* FoodFriends_withUT-Prefix.pch */ = {isa = PBXFileReference; lastKnownFileType = sourcecode.c.h; path = "FoodFriends_withUT-Prefix.pch"; sourceTree = "<group>"; };
		3CA8AA57163D477400D78EC4 /* FoodFriends_withUTTests.octest */ = {isa = PBXFileReference; explicitFileType = wrapper.cfbundle; includeInIndex = 0; path = FoodFriends_withUTTests.octest; sourceTree = BUILT_PRODUCTS_DIR; };
		3CA8AA58163D477400D78EC4 /* SenTestingKit.framework */ = {isa = PBXFileReference; lastKnownFileType = wrapper.framework; name = SenTestingKit.framework; path = Library/Frameworks/SenTestingKit.framework; sourceTree = DEVELOPER_DIR; };
		3CA8AA60163D477400D78EC4 /* FoodFriends_withUTTests-Info.plist */ = {isa = PBXFileReference; lastKnownFileType = text.plist.xml; path = "FoodFriends_withUTTests-Info.plist"; sourceTree = "<group>"; };
		3CA8AA62163D477400D78EC4 /* en */ = {isa = PBXFileReference; lastKnownFileType = text.plist.strings; name = en; path = en.lproj/InfoPlist.strings; sourceTree = "<group>"; };
		3CA8AA64163D477400D78EC4 /* FoodFriends_withUTTests.h */ = {isa = PBXFileReference; lastKnownFileType = sourcecode.c.h; path = FoodFriends_withUTTests.h; sourceTree = "<group>"; };
		3CA8AA65163D477400D78EC4 /* FoodFriends_withUTTests.m */ = {isa = PBXFileReference; lastKnownFileType = sourcecode.c.objc; path = FoodFriends_withUTTests.m; sourceTree = "<group>"; };
		3CA9D562163F70E300215D6B /* UTMessageDataCache */ = {isa = PBXFileReference; fileEncoding = 4; lastKnownFileType = text; name = UTMessageDataCache; path = Library/Cache/UTMessageDataCache; sourceTree = "<group>"; };
		3CA9D564163F70F300215D6B /* UTPostDataCache */ = {isa = PBXFileReference; fileEncoding = 4; lastKnownFileType = text; name = UTPostDataCache; path = Library/Cache/UTPostDataCache; sourceTree = "<group>"; };
		3CA9D566163F710200215D6B /* UTMemberDataCache */ = {isa = PBXFileReference; fileEncoding = 4; lastKnownFileType = text; name = UTMemberDataCache; path = Library/Cache/UTMemberDataCache; sourceTree = "<group>"; };
		3CADA0E1163E48DA00AB9B79 /* README.md */ = {isa = PBXFileReference; fileEncoding = 4; lastKnownFileType = text; path = README.md; sourceTree = "<group>"; };
		3CADA0ED163E653B00AB9B79 /* MainStoryboard.storyboard */ = {isa = PBXFileReference; fileEncoding = 4; lastKnownFileType = file.storyboard; path = MainStoryboard.storyboard; sourceTree = "<group>"; };
		3CADA10E163E686000AB9B79 /* CoreData.framework */ = {isa = PBXFileReference; lastKnownFileType = wrapper.framework; name = CoreData.framework; path = System/Library/Frameworks/CoreData.framework; sourceTree = SDKROOT; };
/* End PBXFileReference section */

/* Begin PBXFrameworksBuildPhase section */
		3CA8AA22163D477300D78EC4 /* Frameworks */ = {
			isa = PBXFrameworksBuildPhase;
			buildActionMask = 2147483647;
			files = (
				3CA8AA2A163D477300D78EC4 /* UIKit.framework in Frameworks */,
				3CA8AA2C163D477300D78EC4 /* Foundation.framework in Frameworks */,
				3CA8AA2E163D477300D78EC4 /* CoreGraphics.framework in Frameworks */,
				3CADA10F163E686000AB9B79 /* CoreData.framework in Frameworks */,
			);
			runOnlyForDeploymentPostprocessing = 0;
		};
		3CA8AA53163D477400D78EC4 /* Frameworks */ = {
			isa = PBXFrameworksBuildPhase;
			buildActionMask = 2147483647;
			files = (
				3CA8AA59163D477400D78EC4 /* SenTestingKit.framework in Frameworks */,
				3CA8AA5A163D477400D78EC4 /* UIKit.framework in Frameworks */,
				3CA8AA5B163D477400D78EC4 /* Foundation.framework in Frameworks */,
			);
			runOnlyForDeploymentPostprocessing = 0;
		};
/* End PBXFrameworksBuildPhase section */

/* Begin PBXGroup section */
		3CA8A81E163F75010084C268 /* Resource */ = {
			isa = PBXGroup;
			children = (
				3CA8A822163F75A00084C268 /* image */,
				3CA8A820163F75900084C268 /* sound */,
			);
			path = Resource;
			sourceTree = "<group>";
		};
		3CA8A820163F75900084C268 /* sound */ = {
			isa = PBXGroup;
			children = (
				3CA8A825163F7C4A0084C268 /* 201211080010.wav */,
			);
			name = sound;
			path = Library/Cache/Resource/sound;
			sourceTree = "<group>";
		};
		3CA8A822163F75A00084C268 /* image */ = {
			isa = PBXGroup;
			children = (
				3C4A577C163FA0E20068C04F /* 201209140114image.jpg */,
				3C4A577D163FA0E20068C04F /* 201209183300image.jpg */,
				3CA8A823163F7C3B0084C268 /* 201211080154.png */,
			);
			name = image;
			path = Library/Cache/Resource/image;
			sourceTree = "<group>";
		};
		3CA8A82A163F83FD0084C268 /* Resource */ = {
			isa = PBXGroup;
			children = (
				3CA8A82B163F83FD0084C268 /* image */,
			);
			name = Resource;
			path = "Library/Application Support/Resource";
			sourceTree = SOURCE_ROOT;
		};
		3CA8A82B163F83FD0084C268 /* image */ = {
			isa = PBXGroup;
			children = (
				3CA8A82C163F83FD0084C268 /* smile.jpg */,
			);
			path = image;
			sourceTree = "<group>";
		};
		3CA8A82E163F84350084C268 /* Development */ = {
			isa = PBXGroup;
			children = (
				3CA8A82F163F84350084C268 /* Info_开发文档.h */,
				3CA8A830163F84350084C268 /* Me_开发文档.h */,
				3CA8A831163F84350084C268 /* Message_开发文档.h */,
				3CA8A832163F84350084C268 /* Post_开发文档.h */,
				3CA8A833163F84350084C268 /* 开发文档.h */,
				3C4193F4164231E700F185FB /* 公共函数开发文档.h */,
			);
			path = Development;
			sourceTree = "<group>";
		};
		3CA8A834163F844B0084C268 /* CoreData */ = {
			isa = PBXGroup;
			children = (
				3CA8A835163F844B0084C268 /* FoodFriends.xcdatamodel */,
				3CA8A836163F844B0084C268 /* MessageCoreData.h */,
				3CA8A837163F844B0084C268 /* MessageCoreData.m */,
			);
			path = CoreData;
			sourceTree = "<group>";
		};
		3CA8A83A163F845D0084C268 /* Classes */ = {
			isa = PBXGroup;
			children = (
				3CA8A83B163F845D0084C268 /* UTCommonFunctions.h */,
				3CA8A83C163F845D0084C268 /* UTCommonFunctions.m */,
				3CA8A83D163F845D0084C268 /* UTInfoViewController.h */,
				3CA8A83E163F845D0084C268 /* UTInfoViewController.m */,
				3CA8A83F163F845D0084C268 /* UTMessageViewController.h */,
				3CA8A840163F845D0084C268 /* UTMessageViewController.m */,
				3CA8A841163F845D0084C268 /* UTMeViewController.h */,
				3CA8A842163F845D0084C268 /* UTMeViewController.m */,
				3CA8A843163F845D0084C268 /* UTPostViewController.h */,
				3CA8A844163F845D0084C268 /* UTPostViewController.m */,
			);
			path = Classes;
			sourceTree = "<group>";
		};
		3CA8A845163F845D0084C268 /* Client */ = {
			isa = PBXGroup;
			children = (
				3CA8A846163F845D0084C268 /* UTAppDelegate.h */,
				3CA8A847163F845D0084C268 /* UTAppDelegate.m */,
				3CA8A848163F845D0084C268 /* UTClient.h */,
				3CA8A849163F845D0084C268 /* UTClient.m */,
				3CA8A84A163F845D0084C268 /* UTGetInfoFromFile.h */,
				3CA8A84B163F845D0084C268 /* UTGetInfoFromFile.m */,
				3CA8A84C163F845D0084C268 /* UTJsonFoodFriends.h */,
				3CA8A84D163F845D0084C268 /* UTJsonFoodFriends.m */,
				3C1E95611642133700211785 /* UTGetInfoProxy.h */,
				3C1E95621642133700211785 /* UTGetInfoProxy.m */,
			);
			path = Client;
			sourceTree = "<group>";
		};
		3CA8A84E163F845D0084C268 /* Image */ = {
			isa = PBXGroup;
			children = (
				3CA8A84F163F845D0084C268 /* Default-568h@2x.png */,
				3CA8A850163F845D0084C268 /* Default.png */,
				3CA8A851163F845D0084C268 /* Default@2x.png */,
				3CA8A852163F845D0084C268 /* first.png */,
				3CA8A853163F845D0084C268 /* first@2x.png */,
				3CA8A854163F845D0084C268 /* second.png */,
				3CA8A855163F845D0084C268 /* second@2x.png */,
			);
			path = Image;
			sourceTree = "<group>";
		};
		3CA8A856163F845D0084C268 /* Model */ = {
			isa = PBXGroup;
			children = (
				3CA8A857163F845D0084C268 /* UTMember.h */,
				3CA8A858163F845D0084C268 /* UTMember.m */,
				3CA8A859163F845D0084C268 /* UTMessage.h */,
				3CA8A85A163F845D0084C268 /* UTMessage.m */,
				3CA8A85B163F845D0084C268 /* UTPost.h */,
				3CA8A85C163F845D0084C268 /* UTPost.m */,
				3CA8A85D163F845D0084C268 /* UTTagGroup.h */,
				3CA8A85E163F845D0084C268 /* UTTagGroup.m */,
			);
			path = Model;
			sourceTree = "<group>";
		};
		3CA8AA1A163D477200D78EC4 = {
			isa = PBXGroup;
			children = (
				3CA8A83A163F845D0084C268 /* Classes */,
				3CA8A845163F845D0084C268 /* Client */,
				3CA8A834163F844B0084C268 /* CoreData */,
				3CA8A82E163F84350084C268 /* Development */,
				3CA8AA2F163D477300D78EC4 /* FoodFriends_withUT */,
				3CA8AA5E163D477400D78EC4 /* FoodFriends_withUTTests */,
				3CA8AA28163D477300D78EC4 /* Frameworks */,
				3CA8A84E163F845D0084C268 /* Image */,
				3CA9D55D163EFF2300215D6B /* Library */,
				3CA8A856163F845D0084C268 /* Model */,
				3CA8AA26163D477300D78EC4 /* Products */,
			);
			sourceTree = "<group>";
		};
		3CA8AA26163D477300D78EC4 /* Products */ = {
			isa = PBXGroup;
			children = (
				3CA8AA25163D477300D78EC4 /* FoodFriends_withUT.app */,
				3CA8AA57163D477400D78EC4 /* FoodFriends_withUTTests.octest */,
			);
			name = Products;
			sourceTree = "<group>";
		};
		3CA8AA28163D477300D78EC4 /* Frameworks */ = {
			isa = PBXGroup;
			children = (
				3CADA10E163E686000AB9B79 /* CoreData.framework */,
				3CA8AA29163D477300D78EC4 /* UIKit.framework */,
				3CA8AA2B163D477300D78EC4 /* Foundation.framework */,
				3CA8AA2D163D477300D78EC4 /* CoreGraphics.framework */,
				3CA8AA58163D477400D78EC4 /* SenTestingKit.framework */,
			);
			name = Frameworks;
			sourceTree = "<group>";
		};
		3CA8AA2F163D477300D78EC4 /* FoodFriends_withUT */ = {
			isa = PBXGroup;
			children = (
				3CADA0ED163E653B00AB9B79 /* MainStoryboard.storyboard */,
				3CA8AA30163D477300D78EC4 /* Supporting Files */,
			);
			path = FoodFriends_withUT;
			sourceTree = "<group>";
		};
		3CA8AA30163D477300D78EC4 /* Supporting Files */ = {
			isa = PBXGroup;
			children = (
				3CADA0E1163E48DA00AB9B79 /* README.md */,
				3CA8AA31163D477300D78EC4 /* FoodFriends_withUT-Info.plist */,
				3CA8AA32163D477300D78EC4 /* InfoPlist.strings */,
				3CA8AA35163D477300D78EC4 /* main.m */,
				3CA8AA37163D477300D78EC4 /* FoodFriends_withUT-Prefix.pch */,
			);
			name = "Supporting Files";
			sourceTree = "<group>";
		};
		3CA8AA5E163D477400D78EC4 /* FoodFriends_withUTTests */ = {
			isa = PBXGroup;
			children = (
				3CA8AA64163D477400D78EC4 /* FoodFriends_withUTTests.h */,
				3CA8AA65163D477400D78EC4 /* FoodFriends_withUTTests.m */,
				3CA8AA5F163D477400D78EC4 /* Supporting Files */,
			);
			path = FoodFriends_withUTTests;
			sourceTree = "<group>";
		};
		3CA8AA5F163D477400D78EC4 /* Supporting Files */ = {
			isa = PBXGroup;
			children = (
				3CA8AA60163D477400D78EC4 /* FoodFriends_withUTTests-Info.plist */,
				3CA8AA61163D477400D78EC4 /* InfoPlist.strings */,
			);
			name = "Supporting Files";
			sourceTree = "<group>";
		};
		3CA9D55D163EFF2300215D6B /* Library */ = {
			isa = PBXGroup;
			children = (
				3CA9D561163F707B00215D6B /* Application Support */,
				3CA9D560163EFF3700215D6B /* tmp */,
				3CA9D55F163EFF2F00215D6B /* Cache */,
			);
			path = Library;
			sourceTree = "<group>";
		};
		3CA9D55F163EFF2F00215D6B /* Cache */ = {
			isa = PBXGroup;
			children = (
				3CA9D562163F70E300215D6B /* UTMessageDataCache */,
				3CA9D564163F70F300215D6B /* UTPostDataCache */,
				3CA9D566163F710200215D6B /* UTMemberDataCache */,
				3C4A5780163FA2180068C04F /* UTLoginCache */,
				3CA8A81E163F75010084C268 /* Resource */,
			);
			name = Cache;
			path = Library/Cache;
			sourceTree = "<group>";
		};
		3CA9D560163EFF3700215D6B /* tmp */ = {
			isa = PBXGroup;
			children = (
				3C4A577A163F9E3B0068C04F /* UTPostDataFromServer */,
			);
			name = tmp;
			path = Library/tmp;
			sourceTree = "<group>";
		};
		3CA9D561163F707B00215D6B /* Application Support */ = {
			isa = PBXGroup;
			children = (
				3CA8A82A163F83FD0084C268 /* Resource */,
			);
			name = "Application Support";
			path = "Library/Application Support";
			sourceTree = "<group>";
		};
/* End PBXGroup section */

/* Begin PBXNativeTarget section */
		3CA8AA24163D477300D78EC4 /* FoodFriends_withUT */ = {
			isa = PBXNativeTarget;
			buildConfigurationList = 3CA8AA69163D477400D78EC4 /* Build configuration list for PBXNativeTarget "FoodFriends_withUT" */;
			buildPhases = (
				3CA8AA21163D477300D78EC4 /* Sources */,
				3CA8AA22163D477300D78EC4 /* Frameworks */,
				3CA8AA23163D477300D78EC4 /* Resources */,
			);
			buildRules = (
			);
			dependencies = (
			);
			name = FoodFriends_withUT;
			productName = FoodFriends_withUT;
			productReference = 3CA8AA25163D477300D78EC4 /* FoodFriends_withUT.app */;
			productType = "com.apple.product-type.application";
		};
		3CA8AA56163D477400D78EC4 /* FoodFriends_withUTTests */ = {
			isa = PBXNativeTarget;
			buildConfigurationList = 3CA8AA6C163D477400D78EC4 /* Build configuration list for PBXNativeTarget "FoodFriends_withUTTests" */;
			buildPhases = (
				3CA8AA52163D477400D78EC4 /* Sources */,
				3CA8AA53163D477400D78EC4 /* Frameworks */,
				3CA8AA54163D477400D78EC4 /* Resources */,
				3CA8AA55163D477400D78EC4 /* ShellScript */,
			);
			buildRules = (
			);
			dependencies = (
				3CA8AA5D163D477400D78EC4 /* PBXTargetDependency */,
			);
			name = FoodFriends_withUTTests;
			productName = FoodFriends_withUTTests;
			productReference = 3CA8AA57163D477400D78EC4 /* FoodFriends_withUTTests.octest */;
			productType = "com.apple.product-type.bundle";
		};
/* End PBXNativeTarget section */

/* Begin PBXProject section */
		3CA8AA1C163D477300D78EC4 /* Project object */ = {
			isa = PBXProject;
			attributes = {
				CLASSPREFIX = UT;
				LastUpgradeCheck = 0450;
				ORGANIZATIONNAME = UThoft;
			};
			buildConfigurationList = 3CA8AA1F163D477300D78EC4 /* Build configuration list for PBXProject "FoodFriends_withUT" */;
			compatibilityVersion = "Xcode 3.2";
			developmentRegion = English;
			hasScannedForEncodings = 0;
			knownRegions = (
				en,
			);
			mainGroup = 3CA8AA1A163D477200D78EC4;
			productRefGroup = 3CA8AA26163D477300D78EC4 /* Products */;
			projectDirPath = "";
			projectRoot = "";
			targets = (
				3CA8AA24163D477300D78EC4 /* FoodFriends_withUT */,
				3CA8AA56163D477400D78EC4 /* FoodFriends_withUTTests */,
			);
		};
/* End PBXProject section */

/* Begin PBXResourcesBuildPhase section */
		3CA8AA23163D477300D78EC4 /* Resources */ = {
			isa = PBXResourcesBuildPhase;
			buildActionMask = 2147483647;
			files = (
				3CA8AA34163D477300D78EC4 /* InfoPlist.strings in Resources */,
				3CADA0EE163E653B00AB9B79 /* MainStoryboard.storyboard in Resources */,
				3CA8A82D163F83FD0084C268 /* smile.jpg in Resources */,
				3CA8A868163F845D0084C268 /* Default-568h@2x.png in Resources */,
				3CA8A869163F845D0084C268 /* Default.png in Resources */,
				3CA8A86A163F845D0084C268 /* Default@2x.png in Resources */,
				3CA8A86B163F845D0084C268 /* first.png in Resources */,
				3CA8A86C163F845D0084C268 /* first@2x.png in Resources */,
				3CA8A86D163F845D0084C268 /* second.png in Resources */,
				3CA8A86E163F845D0084C268 /* second@2x.png in Resources */,
				3C4A577B163F9E3B0068C04F /* UTPostDataFromServer in Resources */,
				3C4A577E163FA0E20068C04F /* 201209140114image.jpg in Resources */,
				3C4A577F163FA0E20068C04F /* 201209183300image.jpg in Resources */,
				3C4A5781163FA2180068C04F /* UTLoginCache in Resources */,
			);
			runOnlyForDeploymentPostprocessing = 0;
		};
		3CA8AA54163D477400D78EC4 /* Resources */ = {
			isa = PBXResourcesBuildPhase;
			buildActionMask = 2147483647;
			files = (
				3CA8AA63163D477400D78EC4 /* InfoPlist.strings in Resources */,
				3CADA0E2163E48DA00AB9B79 /* README.md in Resources */,
			);
			runOnlyForDeploymentPostprocessing = 0;
		};
/* End PBXResourcesBuildPhase section */

/* Begin PBXShellScriptBuildPhase section */
		3CA8AA55163D477400D78EC4 /* ShellScript */ = {
			isa = PBXShellScriptBuildPhase;
			buildActionMask = 2147483647;
			files = (
			);
			inputPaths = (
			);
			outputPaths = (
			);
			runOnlyForDeploymentPostprocessing = 0;
			shellPath = /bin/sh;
			shellScript = "# Run the unit tests in this test bundle.\n\"${SYSTEM_DEVELOPER_DIR}/Tools/RunUnitTests\"\n";
		};
/* End PBXShellScriptBuildPhase section */

/* Begin PBXSourcesBuildPhase section */
		3CA8AA21163D477300D78EC4 /* Sources */ = {
			isa = PBXSourcesBuildPhase;
			buildActionMask = 2147483647;
			files = (
				3CA8AA36163D477300D78EC4 /* main.m in Sources */,
				3CA8A838163F844B0084C268 /* FoodFriends.xcdatamodel in Sources */,
				3CA8A839163F844B0084C268 /* MessageCoreData.m in Sources */,
				3CA8A85F163F845D0084C268 /* UTCommonFunctions.m in Sources */,
				3CA8A860163F845D0084C268 /* UTInfoViewController.m in Sources */,
				3CA8A861163F845D0084C268 /* UTMessageViewController.m in Sources */,
				3CA8A862163F845D0084C268 /* UTMeViewController.m in Sources */,
				3CA8A863163F845D0084C268 /* UTPostViewController.m in Sources */,
				3CA8A864163F845D0084C268 /* UTAppDelegate.m in Sources */,
				3CA8A865163F845D0084C268 /* UTClient.m in Sources */,
				3CA8A866163F845D0084C268 /* UTGetInfoFromFile.m in Sources */,
				3CA8A867163F845D0084C268 /* UTJsonFoodFriends.m in Sources */,
				3CA8A86F163F845D0084C268 /* UTMember.m in Sources */,
				3CA8A870163F845D0084C268 /* UTMessage.m in Sources */,
				3CA8A871163F845D0084C268 /* UTPost.m in Sources */,
				3CA8A872163F845D0084C268 /* UTTagGroup.m in Sources */,
				3C1E95631642133700211785 /* UTGetInfoProxy.m in Sources */,
			);
			runOnlyForDeploymentPostprocessing = 0;
		};
		3CA8AA52163D477400D78EC4 /* Sources */ = {
			isa = PBXSourcesBuildPhase;
			buildActionMask = 2147483647;
			files = (
				3CA8AA66163D477400D78EC4 /* FoodFriends_withUTTests.m in Sources */,
			);
			runOnlyForDeploymentPostprocessing = 0;
		};
/* End PBXSourcesBuildPhase section */

/* Begin PBXTargetDependency section */
		3CA8AA5D163D477400D78EC4 /* PBXTargetDependency */ = {
			isa = PBXTargetDependency;
			target = 3CA8AA24163D477300D78EC4 /* FoodFriends_withUT */;
			targetProxy = 3CA8AA5C163D477400D78EC4 /* PBXContainerItemProxy */;
		};
/* End PBXTargetDependency section */

/* Begin PBXVariantGroup section */
		3CA8AA32163D477300D78EC4 /* InfoPlist.strings */ = {
			isa = PBXVariantGroup;
			children = (
				3CA8AA33163D477300D78EC4 /* en */,
			);
			name = InfoPlist.strings;
			sourceTree = "<group>";
		};
		3CA8AA61163D477400D78EC4 /* InfoPlist.strings */ = {
			isa = PBXVariantGroup;
			children = (
				3CA8AA62163D477400D78EC4 /* en */,
			);
			name = InfoPlist.strings;
			sourceTree = "<group>";
		};
/* End PBXVariantGroup section */

/* Begin XCBuildConfiguration section */
		3CA8AA67163D477400D78EC4 /* Debug */ = {
			isa = XCBuildConfiguration;
			buildSettings = {
				ALWAYS_SEARCH_USER_PATHS = NO;
				CLANG_CXX_LANGUAGE_STANDARD = "gnu++0x";
				CLANG_CXX_LIBRARY = "libc++";
				CLANG_ENABLE_OBJC_ARC = YES;
				CLANG_WARN_EMPTY_BODY = YES;
				CLANG_WARN__DUPLICATE_METHOD_MATCH = YES;
				"CODE_SIGN_IDENTITY[sdk=iphoneos*]" = "iPhone Developer";
				COPY_PHASE_STRIP = NO;
				GCC_C_LANGUAGE_STANDARD = gnu99;
				GCC_DYNAMIC_NO_PIC = NO;
				GCC_OPTIMIZATION_LEVEL = 0;
				GCC_PREPROCESSOR_DEFINITIONS = (
					"DEBUG=1",
					"$(inherited)",
				);
				GCC_SYMBOLS_PRIVATE_EXTERN = NO;
				GCC_WARN_ABOUT_RETURN_TYPE = YES;
				GCC_WARN_UNINITIALIZED_AUTOS = YES;
				GCC_WARN_UNUSED_VARIABLE = YES;
				IPHONEOS_DEPLOYMENT_TARGET = 6.0;
				SDKROOT = iphoneos;
			};
			name = Debug;
		};
		3CA8AA68163D477400D78EC4 /* Release */ = {
			isa = XCBuildConfiguration;
			buildSettings = {
				ALWAYS_SEARCH_USER_PATHS = NO;
				CLANG_CXX_LANGUAGE_STANDARD = "gnu++0x";
				CLANG_CXX_LIBRARY = "libc++";
				CLANG_ENABLE_OBJC_ARC = YES;
				CLANG_WARN_EMPTY_BODY = YES;
				CLANG_WARN__DUPLICATE_METHOD_MATCH = YES;
				"CODE_SIGN_IDENTITY[sdk=iphoneos*]" = "iPhone Developer";
				COPY_PHASE_STRIP = YES;
				GCC_C_LANGUAGE_STANDARD = gnu99;
				GCC_WARN_ABOUT_RETURN_TYPE = YES;
				GCC_WARN_UNINITIALIZED_AUTOS = YES;
				GCC_WARN_UNUSED_VARIABLE = YES;
				IPHONEOS_DEPLOYMENT_TARGET = 6.0;
				OTHER_CFLAGS = "-DNS_BLOCK_ASSERTIONS=1";
				SDKROOT = iphoneos;
				VALIDATE_PRODUCT = YES;
			};
			name = Release;
		};
		3CA8AA6A163D477400D78EC4 /* Debug */ = {
			isa = XCBuildConfiguration;
			buildSettings = {
				GCC_PRECOMPILE_PREFIX_HEADER = YES;
				GCC_PREFIX_HEADER = "FoodFriends_withUT/FoodFriends_withUT-Prefix.pch";
				INFOPLIST_FILE = "FoodFriends_withUT/FoodFriends_withUT-Info.plist";
				PRODUCT_NAME = "$(TARGET_NAME)";
				WRAPPER_EXTENSION = app;
			};
			name = Debug;
		};
		3CA8AA6B163D477400D78EC4 /* Release */ = {
			isa = XCBuildConfiguration;
			buildSettings = {
				GCC_PRECOMPILE_PREFIX_HEADER = YES;
				GCC_PREFIX_HEADER = "FoodFriends_withUT/FoodFriends_withUT-Prefix.pch";
				INFOPLIST_FILE = "FoodFriends_withUT/FoodFriends_withUT-Info.plist";
				PRODUCT_NAME = "$(TARGET_NAME)";
				WRAPPER_EXTENSION = app;
			};
			name = Release;
		};
		3CA8AA6D163D477400D78EC4 /* Debug */ = {
			isa = XCBuildConfiguration;
			buildSettings = {
				BUNDLE_LOADER = "$(BUILT_PRODUCTS_DIR)/FoodFriends_withUT.app/FoodFriends_withUT";
				FRAMEWORK_SEARCH_PATHS = (
					"\"$(SDKROOT)/Developer/Library/Frameworks\"",
					"\"$(DEVELOPER_LIBRARY_DIR)/Frameworks\"",
				);
				GCC_PRECOMPILE_PREFIX_HEADER = YES;
				GCC_PREFIX_HEADER = "FoodFriends_withUT/FoodFriends_withUT-Prefix.pch";
				INFOPLIST_FILE = "FoodFriends_withUTTests/FoodFriends_withUTTests-Info.plist";
				PRODUCT_NAME = "$(TARGET_NAME)";
				TEST_HOST = "$(BUNDLE_LOADER)";
				WRAPPER_EXTENSION = octest;
			};
			name = Debug;
		};
		3CA8AA6E163D477400D78EC4 /* Release */ = {
			isa = XCBuildConfiguration;
			buildSettings = {
				BUNDLE_LOADER = "$(BUILT_PRODUCTS_DIR)/FoodFriends_withUT.app/FoodFriends_withUT";
				FRAMEWORK_SEARCH_PATHS = (
					"\"$(SDKROOT)/Developer/Library/Frameworks\"",
					"\"$(DEVELOPER_LIBRARY_DIR)/Frameworks\"",
				);
				GCC_PRECOMPILE_PREFIX_HEADER = YES;
				GCC_PREFIX_HEADER = "FoodFriends_withUT/FoodFriends_withUT-Prefix.pch";
				INFOPLIST_FILE = "FoodFriends_withUTTests/FoodFriends_withUTTests-Info.plist";
				PRODUCT_NAME = "$(TARGET_NAME)";
				TEST_HOST = "$(BUNDLE_LOADER)";
				WRAPPER_EXTENSION = octest;
			};
			name = Release;
		};
/* End XCBuildConfiguration section */

/* Begin XCConfigurationList section */
		3CA8AA1F163D477300D78EC4 /* Build configuration list for PBXProject "FoodFriends_withUT" */ = {
			isa = XCConfigurationList;
			buildConfigurations = (
				3CA8AA67163D477400D78EC4 /* Debug */,
				3CA8AA68163D477400D78EC4 /* Release */,
			);
			defaultConfigurationIsVisible = 0;
			defaultConfigurationName = Release;
		};
		3CA8AA69163D477400D78EC4 /* Build configuration list for PBXNativeTarget "FoodFriends_withUT" */ = {
			isa = XCConfigurationList;
			buildConfigurations = (
				3CA8AA6A163D477400D78EC4 /* Debug */,
				3CA8AA6B163D477400D78EC4 /* Release */,
			);
			defaultConfigurationIsVisible = 0;
			defaultConfigurationName = Release;
		};
		3CA8AA6C163D477400D78EC4 /* Build configuration list for PBXNativeTarget "FoodFriends_withUTTests" */ = {
			isa = XCConfigurationList;
			buildConfigurations = (
				3CA8AA6D163D477400D78EC4 /* Debug */,
				3CA8AA6E163D477400D78EC4 /* Release */,
			);
			defaultConfigurationIsVisible = 0;
			defaultConfigurationName = Release;
		};
/* End XCConfigurationList section */
	};
	rootObject = 3CA8AA1C163D477300D78EC4 /* Project object */;
}
